<?xml version="1.0" encoding="UTF-8"?>
<CodeBlocks_project_file>
	<FileVersion major="1" minor="6"/>
	<Project>
		<Option title="libPSI"/>
		<Option makefile_is_custom="1"/>
		<Option compiler="gcc"/>
		<Option virtualFolders="CMake Files\;CMake Files\libPSI\;CMake Files\..\;CMake Files\..\..\;CMake Files\..\..\..\;CMake Files\..\..\..\usr\;CMake Files\..\..\..\usr\lib\;CMake Files\..\..\..\usr\lib\cmake\;CMake Files\..\..\..\usr\lib\cmake\Boost-1.71.0\;CMake Files\..\..\..\usr\lib\cmake\boost_headers-1.71.0\;CMake Files\..\..\..\usr\lib\cmake\boost_system-1.71.0\;CMake Files\..\..\..\usr\lib\cmake\boost_thread-1.71.0\;CMake Files\Tests\;CMake Files\frontend\;"/>
		<Build>
			<Target title="all">
				<Option working_dir="/home/moriya/PaXoS_PSI_New"/>
				<Option type="4"/>
				<MakeCommands>
					<Build command="/usr/bin/make -f &quot;/home/moriya/PaXoS_PSI_New/Makefile&quot;  VERBOSE=1 all"/>
					<CompileFile command="/usr/bin/make -f &quot;/home/moriya/PaXoS_PSI_New/Makefile&quot;  VERBOSE=1 &quot;$file&quot;"/>
					<Clean command="/usr/bin/make -f &quot;/home/moriya/PaXoS_PSI_New/Makefile&quot;  VERBOSE=1 clean"/>
					<DistClean command="/usr/bin/make -f &quot;/home/moriya/PaXoS_PSI_New/Makefile&quot;  VERBOSE=1 clean"/>
				</MakeCommands>
			</Target>
			<Target title="rebuild_cache">
				<Option working_dir="/home/moriya/PaXoS_PSI_New"/>
				<Option type="4"/>
				<MakeCommands>
					<Build command="/usr/bin/make -f &quot;/home/moriya/PaXoS_PSI_New/Makefile&quot;  VERBOSE=1 rebuild_cache"/>
					<CompileFile command="/usr/bin/make -f &quot;/home/moriya/PaXoS_PSI_New/Makefile&quot;  VERBOSE=1 &quot;$file&quot;"/>
					<Clean command="/usr/bin/make -f &quot;/home/moriya/PaXoS_PSI_New/Makefile&quot;  VERBOSE=1 clean"/>
					<DistClean command="/usr/bin/make -f &quot;/home/moriya/PaXoS_PSI_New/Makefile&quot;  VERBOSE=1 clean"/>
				</MakeCommands>
			</Target>
			<Target title="edit_cache">
				<Option working_dir="/home/moriya/PaXoS_PSI_New"/>
				<Option type="4"/>
				<MakeCommands>
					<Build command="/usr/bin/make -f &quot;/home/moriya/PaXoS_PSI_New/Makefile&quot;  VERBOSE=1 edit_cache"/>
					<CompileFile command="/usr/bin/make -f &quot;/home/moriya/PaXoS_PSI_New/Makefile&quot;  VERBOSE=1 &quot;$file&quot;"/>
					<Clean command="/usr/bin/make -f &quot;/home/moriya/PaXoS_PSI_New/Makefile&quot;  VERBOSE=1 clean"/>
					<DistClean command="/usr/bin/make -f &quot;/home/moriya/PaXoS_PSI_New/Makefile&quot;  VERBOSE=1 clean"/>
				</MakeCommands>
			</Target>
			<Target title="libPSI">
				<Option output="/home/moriya/PaXoS_PSI_New/lib/liblibPSI.a" prefix_auto="0" extension_auto="0"/>
				<Option working_dir="/home/moriya/PaXoS_PSI_New/libPSI"/>
				<Option object_output="./"/>
				<Option type="2"/>
				<Option compiler="gcc"/>
				<Compiler>
					<Add option="-DSOLUTION_DIR=&quot;/home/moriya/PaXoS_PSI_New&quot;"/>
					<Add directory="/home/moriya/PaXoS_PSI_New"/>
					<Add directory="/home/moriya/PaXoS_PSI_New/libOTe"/>
					<Add directory="/home/moriya/PaXoS_PSI_New/libOTe/cryptoTools"/>
					<Add directory="/home/moriya/PaXoS_PSI_New/libOTe/cryptoTools/thirdparty/linux/miracl"/>
					<Add directory="/home/moriya/PaXoS_PSI_New/thirdparty/linux/ntl/include"/>
					<Add directory="/home/moriya/PaXoS_PSI_New/thirdparty/linux/gmp/include"/>
					<Add directory="/home/moriya/PaXoS_PSI_New/thirdparty/linux/gf2x/include"/>
					<Add directory="/home/moriya/PaXoS_PSI_New/libOTe/cryptoTools/thirdparty/linux/boost"/>
					<Add directory="/home/moriya/PaXoS_PSI_New/libPSI"/>
				</Compiler>
				<MakeCommands>
					<Build command="/usr/bin/make -f &quot;/home/moriya/PaXoS_PSI_New/libPSI/Makefile&quot;  VERBOSE=1 libPSI"/>
					<CompileFile command="/usr/bin/make -f &quot;/home/moriya/PaXoS_PSI_New/libPSI/Makefile&quot;  VERBOSE=1 &quot;$file&quot;"/>
					<Clean command="/usr/bin/make -f &quot;/home/moriya/PaXoS_PSI_New/libPSI/Makefile&quot;  VERBOSE=1 clean"/>
					<DistClean command="/usr/bin/make -f &quot;/home/moriya/PaXoS_PSI_New/libPSI/Makefile&quot;  VERBOSE=1 clean"/>
				</MakeCommands>
			</Target>
			<Target title="libPSI/fast">
				<Option output="/home/moriya/PaXoS_PSI_New/lib/liblibPSI.a" prefix_auto="0" extension_auto="0"/>
				<Option working_dir="/home/moriya/PaXoS_PSI_New/libPSI"/>
				<Option object_output="./"/>
				<Option type="2"/>
				<Option compiler="gcc"/>
				<Compiler>
					<Add option="-DSOLUTION_DIR=&quot;/home/moriya/PaXoS_PSI_New&quot;"/>
					<Add directory="/home/moriya/PaXoS_PSI_New"/>
					<Add directory="/home/moriya/PaXoS_PSI_New/libOTe"/>
					<Add directory="/home/moriya/PaXoS_PSI_New/libOTe/cryptoTools"/>
					<Add directory="/home/moriya/PaXoS_PSI_New/libOTe/cryptoTools/thirdparty/linux/miracl"/>
					<Add directory="/home/moriya/PaXoS_PSI_New/thirdparty/linux/ntl/include"/>
					<Add directory="/home/moriya/PaXoS_PSI_New/thirdparty/linux/gmp/include"/>
					<Add directory="/home/moriya/PaXoS_PSI_New/thirdparty/linux/gf2x/include"/>
					<Add directory="/home/moriya/PaXoS_PSI_New/libOTe/cryptoTools/thirdparty/linux/boost"/>
					<Add directory="/home/moriya/PaXoS_PSI_New/libPSI"/>
				</Compiler>
				<MakeCommands>
					<Build command="/usr/bin/make -f &quot;/home/moriya/PaXoS_PSI_New/libPSI/Makefile&quot;  VERBOSE=1 libPSI/fast"/>
					<CompileFile command="/usr/bin/make -f &quot;/home/moriya/PaXoS_PSI_New/libPSI/Makefile&quot;  VERBOSE=1 &quot;$file&quot;"/>
					<Clean command="/usr/bin/make -f &quot;/home/moriya/PaXoS_PSI_New/libPSI/Makefile&quot;  VERBOSE=1 clean"/>
					<DistClean command="/usr/bin/make -f &quot;/home/moriya/PaXoS_PSI_New/libPSI/Makefile&quot;  VERBOSE=1 clean"/>
				</MakeCommands>
			</Target>
			<Target title="libOTe_Tests">
				<Option output="/home/moriya/PaXoS_PSI_New/lib/liblibOTe_Tests.a" prefix_auto="0" extension_auto="0"/>
				<Option working_dir="/home/moriya/PaXoS_PSI_New/Tests"/>
				<Option object_output="./"/>
				<Option type="2"/>
				<Option compiler="gcc"/>
				<Compiler>
					<Add option="-DSOLUTION_DIR=&quot;/home/moriya/PaXoS_PSI_New&quot;"/>
					<Add directory="/home/moriya/PaXoS_PSI_New"/>
					<Add directory="/home/moriya/PaXoS_PSI_New/libOTe"/>
					<Add directory="/home/moriya/PaXoS_PSI_New/libOTe/cryptoTools"/>
					<Add directory="/home/moriya/PaXoS_PSI_New/libOTe/cryptoTools/thirdparty/linux/miracl"/>
					<Add directory="/home/moriya/PaXoS_PSI_New/thirdparty/linux/ntl/include"/>
					<Add directory="/home/moriya/PaXoS_PSI_New/thirdparty/linux/gmp/include"/>
					<Add directory="/home/moriya/PaXoS_PSI_New/thirdparty/linux/gf2x/include"/>
					<Add directory="/home/moriya/PaXoS_PSI_New/libOTe/cryptoTools/thirdparty/linux/boost"/>
					<Add directory="/home/moriya/PaXoS_PSI_New/libPSI"/>
				</Compiler>
				<MakeCommands>
					<Build command="/usr/bin/make -f &quot;/home/moriya/PaXoS_PSI_New/Tests/Makefile&quot;  VERBOSE=1 libOTe_Tests"/>
					<CompileFile command="/usr/bin/make -f &quot;/home/moriya/PaXoS_PSI_New/Tests/Makefile&quot;  VERBOSE=1 &quot;$file&quot;"/>
					<Clean command="/usr/bin/make -f &quot;/home/moriya/PaXoS_PSI_New/Tests/Makefile&quot;  VERBOSE=1 clean"/>
					<DistClean command="/usr/bin/make -f &quot;/home/moriya/PaXoS_PSI_New/Tests/Makefile&quot;  VERBOSE=1 clean"/>
				</MakeCommands>
			</Target>
			<Target title="libOTe_Tests/fast">
				<Option output="/home/moriya/PaXoS_PSI_New/lib/liblibOTe_Tests.a" prefix_auto="0" extension_auto="0"/>
				<Option working_dir="/home/moriya/PaXoS_PSI_New/Tests"/>
				<Option object_output="./"/>
				<Option type="2"/>
				<Option compiler="gcc"/>
				<Compiler>
					<Add option="-DSOLUTION_DIR=&quot;/home/moriya/PaXoS_PSI_New&quot;"/>
					<Add directory="/home/moriya/PaXoS_PSI_New"/>
					<Add directory="/home/moriya/PaXoS_PSI_New/libOTe"/>
					<Add directory="/home/moriya/PaXoS_PSI_New/libOTe/cryptoTools"/>
					<Add directory="/home/moriya/PaXoS_PSI_New/libOTe/cryptoTools/thirdparty/linux/miracl"/>
					<Add directory="/home/moriya/PaXoS_PSI_New/thirdparty/linux/ntl/include"/>
					<Add directory="/home/moriya/PaXoS_PSI_New/thirdparty/linux/gmp/include"/>
					<Add directory="/home/moriya/PaXoS_PSI_New/thirdparty/linux/gf2x/include"/>
					<Add directory="/home/moriya/PaXoS_PSI_New/libOTe/cryptoTools/thirdparty/linux/boost"/>
					<Add directory="/home/moriya/PaXoS_PSI_New/libPSI"/>
				</Compiler>
				<MakeCommands>
					<Build command="/usr/bin/make -f &quot;/home/moriya/PaXoS_PSI_New/Tests/Makefile&quot;  VERBOSE=1 libOTe_Tests/fast"/>
					<CompileFile command="/usr/bin/make -f &quot;/home/moriya/PaXoS_PSI_New/Tests/Makefile&quot;  VERBOSE=1 &quot;$file&quot;"/>
					<Clean command="/usr/bin/make -f &quot;/home/moriya/PaXoS_PSI_New/Tests/Makefile&quot;  VERBOSE=1 clean"/>
					<DistClean command="/usr/bin/make -f &quot;/home/moriya/PaXoS_PSI_New/Tests/Makefile&quot;  VERBOSE=1 clean"/>
				</MakeCommands>
			</Target>
			<Target title="frontend.exe">
				<Option output="/home/moriya/PaXoS_PSI_New/bin/frontend.exe" prefix_auto="0" extension_auto="0"/>
				<Option working_dir="/home/moriya/PaXoS_PSI_New/bin"/>
				<Option object_output="./"/>
				<Option type="1"/>
				<Option compiler="gcc"/>
				<Compiler>
					<Add option="-DSOLUTION_DIR=&quot;/home/moriya/PaXoS_PSI_New&quot;"/>
					<Add directory="/home/moriya/PaXoS_PSI_New"/>
					<Add directory="/home/moriya/PaXoS_PSI_New/libOTe"/>
					<Add directory="/home/moriya/PaXoS_PSI_New/libOTe/cryptoTools"/>
					<Add directory="/home/moriya/PaXoS_PSI_New/libOTe/cryptoTools/thirdparty/linux/miracl"/>
					<Add directory="/home/moriya/PaXoS_PSI_New/thirdparty/linux/ntl/include"/>
					<Add directory="/home/moriya/PaXoS_PSI_New/thirdparty/linux/gmp/include"/>
					<Add directory="/home/moriya/PaXoS_PSI_New/thirdparty/linux/gf2x/include"/>
					<Add directory="/home/moriya/PaXoS_PSI_New/libOTe/cryptoTools/thirdparty/linux/boost"/>
					<Add directory="/home/moriya/PaXoS_PSI_New/libPSI"/>
					<Add directory="/home/moriya/PaXoS_PSI_New/Tests"/>
					<Add directory="/home/moriya/PaXoS_PSI_New/frontend"/>
					<Add directory="/home/moriya"/>
					<Add directory="/home/moriya/PaXoS_PSI_New/frontend/xxHash"/>
					<Add directory="/home/moriya/PaXoS_PSI_New/libOTe/cryptoTools/cryptoTools"/>
					<Add directory="/home/moriya/PaXoS_PSI_New/libOTe/cryptoTools/cryptoTools/Crypto"/>
				</Compiler>
				<MakeCommands>
					<Build command="/usr/bin/make -f &quot;/home/moriya/PaXoS_PSI_New/frontend/Makefile&quot;  VERBOSE=1 frontend.exe"/>
					<CompileFile command="/usr/bin/make -f &quot;/home/moriya/PaXoS_PSI_New/frontend/Makefile&quot;  VERBOSE=1 &quot;$file&quot;"/>
					<Clean command="/usr/bin/make -f &quot;/home/moriya/PaXoS_PSI_New/frontend/Makefile&quot;  VERBOSE=1 clean"/>
					<DistClean command="/usr/bin/make -f &quot;/home/moriya/PaXoS_PSI_New/frontend/Makefile&quot;  VERBOSE=1 clean"/>
				</MakeCommands>
			</Target>
			<Target title="frontend.exe/fast">
				<Option output="/home/moriya/PaXoS_PSI_New/bin/frontend.exe" prefix_auto="0" extension_auto="0"/>
				<Option working_dir="/home/moriya/PaXoS_PSI_New/bin"/>
				<Option object_output="./"/>
				<Option type="1"/>
				<Option compiler="gcc"/>
				<Compiler>
					<Add option="-DSOLUTION_DIR=&quot;/home/moriya/PaXoS_PSI_New&quot;"/>
					<Add directory="/home/moriya/PaXoS_PSI_New"/>
					<Add directory="/home/moriya/PaXoS_PSI_New/libOTe"/>
					<Add directory="/home/moriya/PaXoS_PSI_New/libOTe/cryptoTools"/>
					<Add directory="/home/moriya/PaXoS_PSI_New/libOTe/cryptoTools/thirdparty/linux/miracl"/>
					<Add directory="/home/moriya/PaXoS_PSI_New/thirdparty/linux/ntl/include"/>
					<Add directory="/home/moriya/PaXoS_PSI_New/thirdparty/linux/gmp/include"/>
					<Add directory="/home/moriya/PaXoS_PSI_New/thirdparty/linux/gf2x/include"/>
					<Add directory="/home/moriya/PaXoS_PSI_New/libOTe/cryptoTools/thirdparty/linux/boost"/>
					<Add directory="/home/moriya/PaXoS_PSI_New/libPSI"/>
					<Add directory="/home/moriya/PaXoS_PSI_New/Tests"/>
					<Add directory="/home/moriya/PaXoS_PSI_New/frontend"/>
					<Add directory="/home/moriya"/>
					<Add directory="/home/moriya/PaXoS_PSI_New/frontend/xxHash"/>
					<Add directory="/home/moriya/PaXoS_PSI_New/libOTe/cryptoTools/cryptoTools"/>
					<Add directory="/home/moriya/PaXoS_PSI_New/libOTe/cryptoTools/cryptoTools/Crypto"/>
				</Compiler>
				<MakeCommands>
					<Build command="/usr/bin/make -f &quot;/home/moriya/PaXoS_PSI_New/frontend/Makefile&quot;  VERBOSE=1 frontend.exe/fast"/>
					<CompileFile command="/usr/bin/make -f &quot;/home/moriya/PaXoS_PSI_New/frontend/Makefile&quot;  VERBOSE=1 &quot;$file&quot;"/>
					<Clean command="/usr/bin/make -f &quot;/home/moriya/PaXoS_PSI_New/frontend/Makefile&quot;  VERBOSE=1 clean"/>
					<DistClean command="/usr/bin/make -f &quot;/home/moriya/PaXoS_PSI_New/frontend/Makefile&quot;  VERBOSE=1 clean"/>
				</MakeCommands>
			</Target>
		</Build>
		<Unit filename="/home/moriya/PaXoS_PSI_New/Tests/AknOt_Tests.cpp">
			<Option target="libOTe_Tests"/>
		</Unit>
		<Unit filename="/home/moriya/PaXoS_PSI_New/Tests/AknOt_Tests.h">
			<Option target="libOTe_Tests"/>
		</Unit>
		<Unit filename="/home/moriya/PaXoS_PSI_New/Tests/BaseOT_Tests.cpp">
			<Option target="libOTe_Tests"/>
		</Unit>
		<Unit filename="/home/moriya/PaXoS_PSI_New/Tests/BaseOT_Tests.h">
			<Option target="libOTe_Tests"/>
		</Unit>
		<Unit filename="/home/moriya/PaXoS_PSI_New/Tests/Common.cpp">
			<Option target="libOTe_Tests"/>
		</Unit>
		<Unit filename="/home/moriya/PaXoS_PSI_New/Tests/Common.h">
			<Option target="libOTe_Tests"/>
		</Unit>
		<Unit filename="/home/moriya/PaXoS_PSI_New/Tests/CuckooGraph_Tests.cpp">
			<Option target="libOTe_Tests"/>
		</Unit>
		<Unit filename="/home/moriya/PaXoS_PSI_New/Tests/CuckooGraph_Tests.h">
			<Option target="libOTe_Tests"/>
		</Unit>
		<Unit filename="/home/moriya/PaXoS_PSI_New/Tests/NcoOT_Tests.cpp">
			<Option target="libOTe_Tests"/>
		</Unit>
		<Unit filename="/home/moriya/PaXoS_PSI_New/Tests/NcoOT_Tests.h">
			<Option target="libOTe_Tests"/>
		</Unit>
		<Unit filename="/home/moriya/PaXoS_PSI_New/Tests/OTOracleReceiver.cpp">
			<Option target="libOTe_Tests"/>
		</Unit>
		<Unit filename="/home/moriya/PaXoS_PSI_New/Tests/OTOracleReceiver.h">
			<Option target="libOTe_Tests"/>
		</Unit>
		<Unit filename="/home/moriya/PaXoS_PSI_New/Tests/OTOracleSender.cpp">
			<Option target="libOTe_Tests"/>
		</Unit>
		<Unit filename="/home/moriya/PaXoS_PSI_New/Tests/OTOracleSender.h">
			<Option target="libOTe_Tests"/>
		</Unit>
		<Unit filename="/home/moriya/PaXoS_PSI_New/Tests/OT_Tests.cpp">
			<Option target="libOTe_Tests"/>
		</Unit>
		<Unit filename="/home/moriya/PaXoS_PSI_New/Tests/OT_Tests.h">
			<Option target="libOTe_Tests"/>
		</Unit>
		<Unit filename="/home/moriya/PaXoS_PSI_New/Tests/PSI_Tests.cpp">
			<Option target="libOTe_Tests"/>
		</Unit>
		<Unit filename="/home/moriya/PaXoS_PSI_New/Tests/PSI_Tests.h">
			<Option target="libOTe_Tests"/>
		</Unit>
		<Unit filename="/home/moriya/PaXoS_PSI_New/Tests/UnitTests.cpp">
			<Option target="libOTe_Tests"/>
		</Unit>
		<Unit filename="/home/moriya/PaXoS_PSI_New/Tests/UnitTests.h">
			<Option target="libOTe_Tests"/>
		</Unit>
		<Unit filename="/home/moriya/PaXoS_PSI_New/Tests/nOPRF_Tests.cpp">
			<Option target="libOTe_Tests"/>
		</Unit>
		<Unit filename="/home/moriya/PaXoS_PSI_New/Tests/nOPRF_Tests.h">
			<Option target="libOTe_Tests"/>
		</Unit>
		<Unit filename="/home/moriya/PaXoS_PSI_New/frontend/CLP.cpp">
			<Option target="frontend.exe"/>
		</Unit>
		<Unit filename="/home/moriya/PaXoS_PSI_New/frontend/CLP.h">
			<Option target="frontend.exe"/>
		</Unit>
		<Unit filename="/home/moriya/PaXoS_PSI_New/frontend/Hasher.cpp">
			<Option target="frontend.exe"/>
		</Unit>
		<Unit filename="/home/moriya/PaXoS_PSI_New/frontend/Hasher.h">
			<Option target="frontend.exe"/>
		</Unit>
		<Unit filename="/home/moriya/PaXoS_PSI_New/frontend/ObliviousDictionary.cpp">
			<Option target="frontend.exe"/>
		</Unit>
		<Unit filename="/home/moriya/PaXoS_PSI_New/frontend/ObliviousDictionary.h">
			<Option target="frontend.exe"/>
		</Unit>
		<Unit filename="/home/moriya/PaXoS_PSI_New/frontend/ProtocolParty.cpp">
			<Option target="frontend.exe"/>
		</Unit>
		<Unit filename="/home/moriya/PaXoS_PSI_New/frontend/ProtocolParty.h">
			<Option target="frontend.exe"/>
		</Unit>
		<Unit filename="/home/moriya/PaXoS_PSI_New/frontend/ecdhMain.cpp">
			<Option target="frontend.exe"/>
		</Unit>
		<Unit filename="/home/moriya/PaXoS_PSI_New/frontend/ecdhMain.h">
			<Option target="frontend.exe"/>
		</Unit>
		<Unit filename="/home/moriya/PaXoS_PSI_New/frontend/gf2e_mat_solve.cpp">
			<Option target="frontend.exe"/>
		</Unit>
		<Unit filename="/home/moriya/PaXoS_PSI_New/frontend/gf2e_mat_solve.h">
			<Option target="frontend.exe"/>
		</Unit>
		<Unit filename="/home/moriya/PaXoS_PSI_New/frontend/main.cpp">
			<Option target="frontend.exe"/>
		</Unit>
		<Unit filename="/home/moriya/PaXoS_PSI_New/frontend/main.h">
			<Option target="frontend.exe"/>
		</Unit>
		<Unit filename="/home/moriya/PaXoS_PSI_New/frontend/signalHandle.cpp">
			<Option target="frontend.exe"/>
		</Unit>
		<Unit filename="/home/moriya/PaXoS_PSI_New/frontend/signalHandle.h">
			<Option target="frontend.exe"/>
		</Unit>
		<Unit filename="/home/moriya/PaXoS_PSI_New/frontend/util.cpp">
			<Option target="frontend.exe"/>
		</Unit>
		<Unit filename="/home/moriya/PaXoS_PSI_New/frontend/util.h">
			<Option target="frontend.exe"/>
		</Unit>
		<Unit filename="/home/moriya/PaXoS_PSI_New/libPSI/CMakeFiles/3.10.2/CompilerIdCXX/CMakeCXXCompilerId.cpp">
			<Option target="libPSI"/>
		</Unit>
		<Unit filename="/home/moriya/PaXoS_PSI_New/libPSI/ECDH/EcdhPsiReceiver.cpp">
			<Option target="libPSI"/>
		</Unit>
		<Unit filename="/home/moriya/PaXoS_PSI_New/libPSI/ECDH/EcdhPsiReceiver.h">
			<Option target="libPSI"/>
		</Unit>
		<Unit filename="/home/moriya/PaXoS_PSI_New/libPSI/ECDH/EcdhPsiSender.cpp">
			<Option target="libPSI"/>
		</Unit>
		<Unit filename="/home/moriya/PaXoS_PSI_New/libPSI/ECDH/EcdhPsiSender.h">
			<Option target="libPSI"/>
		</Unit>
		<Unit filename="/home/moriya/PaXoS_PSI_New/libPSI/PRTY/PrtyReceiver.cpp">
			<Option target="libPSI"/>
		</Unit>
		<Unit filename="/home/moriya/PaXoS_PSI_New/libPSI/PRTY/PrtyReceiver.h">
			<Option target="libPSI"/>
		</Unit>
		<Unit filename="/home/moriya/PaXoS_PSI_New/libPSI/PRTY/PrtySender.cpp">
			<Option target="libPSI"/>
		</Unit>
		<Unit filename="/home/moriya/PaXoS_PSI_New/libPSI/PRTY/PrtySender.h">
			<Option target="libPSI"/>
		</Unit>
		<Unit filename="/home/moriya/PaXoS_PSI_New/libPSI/PRTY2/PrtyMOtReceiver.cpp">
			<Option target="libPSI"/>
		</Unit>
		<Unit filename="/home/moriya/PaXoS_PSI_New/libPSI/PRTY2/PrtyMOtReceiver.h">
			<Option target="libPSI"/>
		</Unit>
		<Unit filename="/home/moriya/PaXoS_PSI_New/libPSI/PRTY2/PrtyMOtSender.cpp">
			<Option target="libPSI"/>
		</Unit>
		<Unit filename="/home/moriya/PaXoS_PSI_New/libPSI/PRTY2/PrtyMOtSender.h">
			<Option target="libPSI"/>
		</Unit>
		<Unit filename="/home/moriya/PaXoS_PSI_New/libPSI/PRTY2/PrtyMPsiReceiver.cpp">
			<Option target="libPSI"/>
		</Unit>
		<Unit filename="/home/moriya/PaXoS_PSI_New/libPSI/PRTY2/PrtyMPsiReceiver.h">
			<Option target="libPSI"/>
		</Unit>
		<Unit filename="/home/moriya/PaXoS_PSI_New/libPSI/PRTY2/PrtyMPsiSender.cpp">
			<Option target="libPSI"/>
		</Unit>
		<Unit filename="/home/moriya/PaXoS_PSI_New/libPSI/PRTY2/PrtyMPsiSender.h">
			<Option target="libPSI"/>
		</Unit>
		<Unit filename="/home/moriya/PaXoS_PSI_New/libPSI/Poly/polyFFT.cpp">
			<Option target="libPSI"/>
		</Unit>
		<Unit filename="/home/moriya/PaXoS_PSI_New/libPSI/Poly/polyFFT.h">
			<Option target="libPSI"/>
		</Unit>
		<Unit filename="/home/moriya/PaXoS_PSI_New/libPSI/Poly/polyFFT2.cpp">
			<Option target="libPSI"/>
		</Unit>
		<Unit filename="/home/moriya/PaXoS_PSI_New/libPSI/Poly/polyFFT2.h">
			<Option target="libPSI"/>
		</Unit>
		<Unit filename="/home/moriya/PaXoS_PSI_New/libPSI/Poly/polyNTL.cpp">
			<Option target="libPSI"/>
		</Unit>
		<Unit filename="/home/moriya/PaXoS_PSI_New/libPSI/Poly/polyNTL.h">
			<Option target="libPSI"/>
		</Unit>
		<Unit filename="/home/moriya/PaXoS_PSI_New/libPSI/Tools/BalancedIndex.cpp">
			<Option target="libPSI"/>
		</Unit>
		<Unit filename="/home/moriya/PaXoS_PSI_New/libPSI/Tools/BalancedIndex.h">
			<Option target="libPSI"/>
		</Unit>
		<Unit filename="/home/moriya/PaXoS_PSI_New/libPSI/Tools/CuckooGraph.cpp">
			<Option target="libPSI"/>
		</Unit>
		<Unit filename="/home/moriya/PaXoS_PSI_New/libPSI/Tools/CuckooGraph.h">
			<Option target="libPSI"/>
		</Unit>
		<Unit filename="/home/moriya/PaXoS_PSI_New/libPSI/Tools/CuckooHasher.cpp">
			<Option target="libPSI"/>
		</Unit>
		<Unit filename="/home/moriya/PaXoS_PSI_New/libPSI/Tools/CuckooHasher.h">
			<Option target="libPSI"/>
		</Unit>
		<Unit filename="/home/moriya/PaXoS_PSI_New/libPSI/Tools/GaussianElimination.cpp">
			<Option target="libPSI"/>
		</Unit>
		<Unit filename="/home/moriya/PaXoS_PSI_New/libPSI/Tools/GaussianElimination.h">
			<Option target="libPSI"/>
		</Unit>
		<Unit filename="/home/moriya/PaXoS_PSI_New/libPSI/Tools/SimpleIndex .cpp">
			<Option target="libPSI"/>
		</Unit>
		<Unit filename="/home/moriya/PaXoS_PSI_New/CMakeLists.txt">
			<Option virtualFolder="CMake Files\"/>
		</Unit>
		<Unit filename="/home/moriya/PaXoS_PSI_New/libPSI/CMakeLists.txt">
			<Option virtualFolder="CMake Files\libPSI\"/>
		</Unit>
		<Unit filename="/home/moriya/PaXoS_PSI_New/../../../usr/lib/cmake/BoostDetectToolset-1.71.0.cmake">
			<Option virtualFolder="CMake Files\..\..\..\usr\lib\cmake\"/>
		</Unit>
		<Unit filename="/home/moriya/PaXoS_PSI_New/../../../usr/lib/cmake/Boost-1.71.0/BoostConfig.cmake">
			<Option virtualFolder="CMake Files\..\..\..\usr\lib\cmake\Boost-1.71.0\"/>
		</Unit>
		<Unit filename="/home/moriya/PaXoS_PSI_New/../../../usr/lib/cmake/Boost-1.71.0/BoostConfigVersion.cmake">
			<Option virtualFolder="CMake Files\..\..\..\usr\lib\cmake\Boost-1.71.0\"/>
		</Unit>
		<Unit filename="/home/moriya/PaXoS_PSI_New/../../../usr/lib/cmake/boost_headers-1.71.0/boost_headers-config-version.cmake">
			<Option virtualFolder="CMake Files\..\..\..\usr\lib\cmake\boost_headers-1.71.0\"/>
		</Unit>
		<Unit filename="/home/moriya/PaXoS_PSI_New/../../../usr/lib/cmake/boost_headers-1.71.0/boost_headers-config.cmake">
			<Option virtualFolder="CMake Files\..\..\..\usr\lib\cmake\boost_headers-1.71.0\"/>
		</Unit>
		<Unit filename="/home/moriya/PaXoS_PSI_New/../../../usr/lib/cmake/boost_system-1.71.0/boost_system-config-version.cmake">
			<Option virtualFolder="CMake Files\..\..\..\usr\lib\cmake\boost_system-1.71.0\"/>
		</Unit>
		<Unit filename="/home/moriya/PaXoS_PSI_New/../../../usr/lib/cmake/boost_system-1.71.0/boost_system-config.cmake">
			<Option virtualFolder="CMake Files\..\..\..\usr\lib\cmake\boost_system-1.71.0\"/>
		</Unit>
		<Unit filename="/home/moriya/PaXoS_PSI_New/../../../usr/lib/cmake/boost_system-1.71.0/libboost_system-variant-shared.cmake">
			<Option virtualFolder="CMake Files\..\..\..\usr\lib\cmake\boost_system-1.71.0\"/>
		</Unit>
		<Unit filename="/home/moriya/PaXoS_PSI_New/../../../usr/lib/cmake/boost_thread-1.71.0/boost_thread-config-version.cmake">
			<Option virtualFolder="CMake Files\..\..\..\usr\lib\cmake\boost_thread-1.71.0\"/>
		</Unit>
		<Unit filename="/home/moriya/PaXoS_PSI_New/../../../usr/lib/cmake/boost_thread-1.71.0/boost_thread-config.cmake">
			<Option virtualFolder="CMake Files\..\..\..\usr\lib\cmake\boost_thread-1.71.0\"/>
		</Unit>
		<Unit filename="/home/moriya/PaXoS_PSI_New/../../../usr/lib/cmake/boost_thread-1.71.0/libboost_thread-variant-shared.cmake">
			<Option virtualFolder="CMake Files\..\..\..\usr\lib\cmake\boost_thread-1.71.0\"/>
		</Unit>
		<Unit filename="/home/moriya/PaXoS_PSI_New/Tests/CMakeLists.txt">
			<Option virtualFolder="CMake Files\Tests\"/>
		</Unit>
		<Unit filename="/home/moriya/PaXoS_PSI_New/frontend/CMakeLists.txt">
			<Option virtualFolder="CMake Files\frontend\"/>
		</Unit>
	</Project>
</CodeBlocks_project_file>
